
Microsoft Visual Studio Solution File, Format Version 12.00
# Visual Studio Version 17
VisualStudioVersion = 17.1.32319.34
MinimumVisualStudioVersion = 10.0.40219.1
Project("{9A19103F-16F7-4668-BE54-9A1E7A4F7556}") = "ApiInteractionSingleApi", "ApiInteraction\ApiInteractionSingleApi.csproj", "{241FA094-5E51-4453-9E3D-58497F46A5DD}"
EndProject
Project("{9A19103F-16F7-4668-BE54-9A1E7A4F7556}") = "FirstApi", "FirstApi\FirstApi.csproj", "{BAA02D66-C021-46A3-958C-16446AE0C898}"
EndProject
Project("{9A19103F-16F7-4668-BE54-9A1E7A4F7556}") = "SecondApi", "SecondApi\SecondApi.csproj", "{9080DF94-6348-41B9-BEEC-BFE8B4780E0C}"
EndProject
Project("{9A19103F-16F7-4668-BE54-9A1E7A4F7556}") = "ApiInteractionMultipleApis", "ApiInteractionMultipleApis\ApiInteractionMultipleApis.csproj", "{14E7F2A4-2C02-49AE-B107-A2952853A6EA}"
EndProject
Global
	GlobalSection(SolutionConfigurationPlatforms) = preSolution
		Debug|Any CPU = Debug|Any CPU
		Release|Any CPU = Release|Any CPU
	EndGlobalSection
	GlobalSection(ProjectConfigurationPlatforms) = postSolution
		{241FA094-5E51-4453-9E3D-58497F46A5DD}.Debug|Any CPU.ActiveCfg = Debug|Any CPU
		{241FA094-5E51-4453-9E3D-58497F46A5DD}.Debug|Any CPU.Build.0 = Debug|Any CPU
		{241FA094-5E51-4453-9E3D-58497F46A5DD}.Release|Any CPU.ActiveCfg = Release|Any CPU
		{241FA094-5E51-4453-9E3D-58497F46A5DD}.Release|Any CPU.Build.0 = Release|Any CPU
		{BAA02D66-C021-46A3-958C-16446AE0C898}.Debug|Any CPU.ActiveCfg = Debug|Any CPU
		{BAA02D66-C021-46A3-958C-16446AE0C898}.Debug|Any CPU.Build.0 = Debug|Any CPU
		{BAA02D66-C021-46A3-958C-16446AE0C898}.Release|Any CPU.ActiveCfg = Release|Any CPU
		{BAA02D66-C021-46A3-958C-16446AE0C898}.Release|Any CPU.Build.0 = Release|Any CPU
		{9080DF94-6348-41B9-BEEC-BFE8B4780E0C}.Debug|Any CPU.ActiveCfg = Debug|Any CPU
		{9080DF94-6348-41B9-BEEC-BFE8B4780E0C}.Debug|Any CPU.Build.0 = Debug|Any CPU
		{9080DF94-6348-41B9-BEEC-BFE8B4780E0C}.Release|Any CPU.ActiveCfg = Release|Any CPU
		{9080DF94-6348-41B9-BEEC-BFE8B4780E0C}.Release|Any CPU.Build.0 = Release|Any CPU
		{14E7F2A4-2C02-49AE-B107-A2952853A6EA}.Debug|Any CPU.ActiveCfg = Debug|Any CPU
		{14E7F2A4-2C02-49AE-B107-A2952853A6EA}.Debug|Any CPU.Build.0 = Debug|Any CPU
		{14E7F2A4-2C02-49AE-B107-A2952853A6EA}.Release|Any CPU.ActiveCfg = Release|Any CPU
		{14E7F2A4-2C02-49AE-B107-A2952853A6EA}.Release|Any CPU.Build.0 = Release|Any CPU
	EndGlobalSection
	GlobalSection(SolutionProperties) = preSolution
		HideSolutionNode = FALSE
	EndGlobalSection
	GlobalSection(ExtensibilityGlobals) = postSolution
		SolutionGuid = {D7D7CC8B-D7AD-46FF-B039-B84F8DFDE90B}
	EndGlobalSection
EndGlobal
